<Solution>
  <Folder Name="/.agents/">
    <File Path=".agents/rules/render-supabase-sync.md" />
  </Folder>
  <Folder Name="/.github/workflows/">
    <File Path=".github/workflows/db-backup.yml" />
    <File Path=".github/workflows/supabase-keep-alive.yml" />
  </Folder>
  <Folder Name="/Solution Items/">
    <File Path=".gitignore" />
    <File Path="dotnet-tools.json" />
    <File Path="README.md" />
  </Folder>
  <Project Path="ClinicManagementApp.Api.Tests/ClinicManagementApp.Api.Tests.csproj" />
  <Project Path="ClinicManagementApp.Api/ClinicManagementApp.Api.csproj" />
</Solution>

